
Microsoft Visual Studio Solution File, Format Version 12.00
# Visual Studio Version 17
VisualStudioVersion = 17.11.35327.3
MinimumVisualStudioVersion = 10.0.40219.1
Project("{FAE04EC0-301F-11D3-BF4B-00C04F79EFBC}") = "WinFormsApp1", "WinFormsApp1\WinFormsApp1.csproj", "{D8C7817D-6537-4975-A32A-77851D5F6F51}"
EndProject
Global
	GlobalSection(SolutionConfigurationPlatforms) = preSolution
		Debug|Any CPU = Debug|Any CPU
		Release|Any CPU = Release|Any CPU
	EndGlobalSection
	GlobalSection(ProjectConfigurationPlatforms) = postSolution
		{D8C7817D-6537-4975-A32A-77851D5F6F51}.Debug|Any CPU.ActiveCfg = Debug|Any CPU
		{D8C7817D-6537-4975-A32A-77851D5F6F51}.Debug|Any CPU.Build.0 = Debug|Any CPU
		{D8C7817D-6537-4975-A32A-77851D5F6F51}.Release|Any CPU.ActiveCfg = Release|Any CPU
		{D8C7817D-6537-4975-A32A-77851D5F6F51}.Release|Any CPU.Build.0 = Release|Any CPU
	EndGlobalSection
	GlobalSection(SolutionProperties) = preSolution
		HideSolutionNode = FALSE
	EndGlobalSection
	GlobalSection(ExtensibilityGlobals) = postSolution
		SolutionGuid = {371226C5-7CB5-4789-A098-581FBECD389B}
	EndGlobalSection
EndGlobal
